
Microsoft Visual Studio Solution File, Format Version 12.00
# Visual Studio 15
VisualStudioVersion = 15.0.28307.902
MinimumVisualStudioVersion = 10.0.40219.1
Project("{2150E333-8FDC-42A3-9474-1A3956D46DE8}") = "src", "src", "{94F1E1B1-30B1-4869-ADAE-20DDB50870A3}"
EndProject
Project("{2150E333-8FDC-42A3-9474-1A3956D46DE8}") = "services", "services", "{1EBB2F1E-5910-42B0-83B0-22481C1E28E2}"
EndProject
Project("{2150E333-8FDC-42A3-9474-1A3956D46DE8}") = "Products", "Products", "{DF352C93-410E-4143-87DC-41F4A0744DDF}"
EndProject
Global
	GlobalSection(SolutionProperties) = preSolution
		HideSolutionNode = FALSE
	EndGlobalSection
	GlobalSection(NestedProjects) = preSolution
		{1EBB2F1E-5910-42B0-83B0-22481C1E28E2} = {94F1E1B1-30B1-4869-ADAE-20DDB50870A3}
		{DF352C93-410E-4143-87DC-41F4A0744DDF} = {1EBB2F1E-5910-42B0-83B0-22481C1E28E2}
	EndGlobalSection
	GlobalSection(ExtensibilityGlobals) = postSolution
		SolutionGuid = {9D77BE5F-24D1-4FDF-921C-796011EA0989}
	EndGlobalSection
EndGlobal
